
Microsoft Visual Studio Solution File, Format Version 12.00
# Visual Studio Version 17
VisualStudioVersion = 17.9.34616.47
MinimumVisualStudioVersion = 10.0.40219.1
Project("{8BC9CEB8-8B4A-11D0-8D11-00A0C91BC942}") = "task_1", "task_1\task_1.vcxproj", "{2760BEC8-092A-42C3-B798-E2644F956895}"
EndProject
Global
	GlobalSection(SolutionConfigurationPlatforms) = preSolution
		Debug|x64 = Debug|x64
		Debug|x86 = Debug|x86
		Release|x64 = Release|x64
		Release|x86 = Release|x86
	EndGlobalSection
	GlobalSection(ProjectConfigurationPlatforms) = postSolution
		{2760BEC8-092A-42C3-B798-E2644F956895}.Debug|x64.ActiveCfg = Debug|x64
		{2760BEC8-092A-42C3-B798-E2644F956895}.Debug|x64.Build.0 = Debug|x64
		{2760BEC8-092A-42C3-B798-E2644F956895}.Debug|x86.ActiveCfg = Debug|Win32
		{2760BEC8-092A-42C3-B798-E2644F956895}.Debug|x86.Build.0 = Debug|Win32
		{2760BEC8-092A-42C3-B798-E2644F956895}.Release|x64.ActiveCfg = Release|x64
		{2760BEC8-092A-42C3-B798-E2644F956895}.Release|x64.Build.0 = Release|x64
		{2760BEC8-092A-42C3-B798-E2644F956895}.Release|x86.ActiveCfg = Release|Win32
		{2760BEC8-092A-42C3-B798-E2644F956895}.Release|x86.Build.0 = Release|Win32
	EndGlobalSection
	GlobalSection(SolutionProperties) = preSolution
		HideSolutionNode = FALSE
	EndGlobalSection
	GlobalSection(ExtensibilityGlobals) = postSolution
		SolutionGuid = {C6088537-EE77-4E56-80F5-DEE9D1CA9642}
	EndGlobalSection
EndGlobal
